
Microsoft Visual Studio Solution File, Format Version 12.00
# Visual Studio Version 16
VisualStudioVersion = 16.0.29215.179
MinimumVisualStudioVersion = 10.0.40219.1
Project("{FAE04EC0-301F-11D3-BF4B-00C04F79EFBC}") = "OCR", "OCR\OCR.csproj", "{2F476122-09E8-4200-8710-4869968F435B}"
EndProject
Project("{FAE04EC0-301F-11D3-BF4B-00C04F79EFBC}") = "BLL", "BLL\BLL.csproj", "{EAF8B08B-47CB-44CB-BB19-5C397B773E8F}"
EndProject
Project("{FAE04EC0-301F-11D3-BF4B-00C04F79EFBC}") = "DTO", "DTO\DTO.csproj", "{72240302-BDB8-4F54-BC6B-22B321EFB972}"
EndProject
Global
	GlobalSection(SolutionConfigurationPlatforms) = preSolution
		Debug|Any CPU = Debug|Any CPU
		Release|Any CPU = Release|Any CPU
	EndGlobalSection
	GlobalSection(ProjectConfigurationPlatforms) = postSolution
		{2F476122-09E8-4200-8710-4869968F435B}.Debug|Any CPU.ActiveCfg = Debug|Any CPU
		{2F476122-09E8-4200-8710-4869968F435B}.Debug|Any CPU.Build.0 = Debug|Any CPU
		{2F476122-09E8-4200-8710-4869968F435B}.Release|Any CPU.ActiveCfg = Release|Any CPU
		{2F476122-09E8-4200-8710-4869968F435B}.Release|Any CPU.Build.0 = Release|Any CPU
		{EAF8B08B-47CB-44CB-BB19-5C397B773E8F}.Debug|Any CPU.ActiveCfg = Debug|Any CPU
		{EAF8B08B-47CB-44CB-BB19-5C397B773E8F}.Debug|Any CPU.Build.0 = Debug|Any CPU
		{EAF8B08B-47CB-44CB-BB19-5C397B773E8F}.Release|Any CPU.ActiveCfg = Release|Any CPU
		{EAF8B08B-47CB-44CB-BB19-5C397B773E8F}.Release|Any CPU.Build.0 = Release|Any CPU
		{72240302-BDB8-4F54-BC6B-22B321EFB972}.Debug|Any CPU.ActiveCfg = Debug|Any CPU
		{72240302-BDB8-4F54-BC6B-22B321EFB972}.Debug|Any CPU.Build.0 = Debug|Any CPU
		{72240302-BDB8-4F54-BC6B-22B321EFB972}.Release|Any CPU.ActiveCfg = Release|Any CPU
		{72240302-BDB8-4F54-BC6B-22B321EFB972}.Release|Any CPU.Build.0 = Release|Any CPU
	EndGlobalSection
	GlobalSection(SolutionProperties) = preSolution
		HideSolutionNode = FALSE
	EndGlobalSection
	GlobalSection(ExtensibilityGlobals) = postSolution
		SolutionGuid = {60E34574-40A1-4816-80CA-E390FD54B4BD}
	EndGlobalSection
EndGlobal
